
Microsoft Visual Studio Solution File, Format Version 12.00
Project("{FAE04EC0-301F-11D3-BF4B-00C04F79EFBC}") = "OpenRpg.Core", "OpenRpg.Core\OpenRpg.Core.csproj", "{86FD715B-0B33-40EB-B8AC-25EE62398A66}"
EndProject
Project("{FAE04EC0-301F-11D3-BF4B-00C04F79EFBC}") = "OpenRpg.Items", "OpenRpg.Items\OpenRpg.Items.csproj", "{AB5563B9-CE48-49A4-BE3C-793351C7377F}"
EndProject
Project("{FAE04EC0-301F-11D3-BF4B-00C04F79EFBC}") = "OpenRpg.Data", "OpenRpg.Data\OpenRpg.Data.csproj", "{BB417DEC-B2C9-4F60-9E87-2E674ACAD06F}"
EndProject
Project("{FAE04EC0-301F-11D3-BF4B-00C04F79EFBC}") = "OpenRpg.Localization", "OpenRpg.Localization\OpenRpg.Localization.csproj", "{5C2FF42D-8E29-4EDE-84D0-47D24FFFFBB9}"
EndProject
Project("{2150E333-8FDC-42A3-9474-1A3956D46DE8}") = "Core", "Core", "{6BE3D2A4-F53A-4879-868E-A7522A445FE9}"
EndProject
Project("{2150E333-8FDC-42A3-9474-1A3956D46DE8}") = "Items", "Items", "{7C187634-FF6B-4A6E-AAD2-FCA3C97C1E5A}"
EndProject
Project("{2150E333-8FDC-42A3-9474-1A3956D46DE8}") = "Quests", "Quests", "{56A39779-8FA4-499E-8EF9-4757765CC230}"
EndProject
Project("{FAE04EC0-301F-11D3-BF4B-00C04F79EFBC}") = "OpenRpg.Quests", "OpenRpg.Quests\OpenRpg.Quests.csproj", "{8D5C52B0-B68B-4539-9D2F-DA22C825B923}"
EndProject
Project("{2150E333-8FDC-42A3-9474-1A3956D46DE8}") = "Combat", "Combat", "{98CD79A9-0E41-49CE-8246-3A32C1A2E004}"
EndProject
Project("{FAE04EC0-301F-11D3-BF4B-00C04F79EFBC}") = "OpenRpg.Combat", "OpenRpg.Combat\OpenRpg.Combat.csproj", "{754A79DD-AC13-4EC1-9DDA-AF5D5F6DABCE}"
EndProject
Project("{2150E333-8FDC-42A3-9474-1A3956D46DE8}") = "Cards", "Cards", "{C5E5EB5E-7F08-4CF4-B4DF-F20434DE2930}"
EndProject
Project("{FAE04EC0-301F-11D3-BF4B-00C04F79EFBC}") = "OpenRpg.Cards", "OpenRpg.Cards\OpenRpg.Cards.csproj", "{2A8FA13E-2E89-457B-9457-46C345768495}"
EndProject
Project("{2150E333-8FDC-42A3-9474-1A3956D46DE8}") = "Utility", "Utility", "{1566BC2E-78DC-4998-BEC8-65CEC3EC9A88}"
EndProject
Project("{FAE04EC0-301F-11D3-BF4B-00C04F79EFBC}") = "OpenRpg.CurveFunctions", "OpenRpg.CurveFunctions\OpenRpg.CurveFunctions.csproj", "{91C35205-4EB6-4204-964E-D94427D362AA}"
EndProject
Project("{2150E333-8FDC-42A3-9474-1A3956D46DE8}") = "Data", "Data", "{8468364A-996C-4E7C-AB45-FEE8AEA6ABDE}"
EndProject
Project("{FAE04EC0-301F-11D3-BF4B-00C04F79EFBC}") = "OpenRpg.Data.InMemory", "OpenRpg.Data.InMemory\OpenRpg.Data.InMemory.csproj", "{ADD47427-9A25-46AB-9414-100D29A3C74E}"
EndProject
Project("{FAE04EC0-301F-11D3-BF4B-00C04F79EFBC}") = "OpenRpg.Data.Database", "OpenRpg.Data.Database\OpenRpg.Data.Database.csproj", "{BAB3772D-236C-4872-BA89-469866F56CBB}"
EndProject
Project("{2150E333-8FDC-42A3-9474-1A3956D46DE8}") = "Tests", "Tests", "{B374DC71-CEDE-42CC-A6E2-5D35577B08BA}"
EndProject
Project("{FAE04EC0-301F-11D3-BF4B-00C04F79EFBC}") = "OpenRpg.UnitTests", "OpenRpg.UnitTests\OpenRpg.UnitTests.csproj", "{A3AACDFF-0D4B-4B4C-801E-6369BA9C8B6B}"
EndProject
Project("{2150E333-8FDC-42A3-9474-1A3956D46DE8}") = "Localization", "Localization", "{167FBCA2-476D-4BA4-818A-FA4ED80E6197}"
EndProject
Project("{FAE04EC0-301F-11D3-BF4B-00C04F79EFBC}") = "OpenRpg.Tags", "OpenRpg.Tags\OpenRpg.Tags.csproj", "{1F967BA2-0B0B-4305-B564-05EC9C49D308}"
EndProject
Project("{FAE04EC0-301F-11D3-BF4B-00C04F79EFBC}") = "OpenRpg.Items.TradeSkills", "OpenRpg.Items.TradeSkills\OpenRpg.Items.TradeSkills.csproj", "{70FCB73C-8493-4B0F-AA13-F3BA65AE86AB}"
EndProject
Project("{2150E333-8FDC-42A3-9474-1A3956D46DE8}") = "Genres", "Genres", "{CDCD755F-AD44-428C-88CC-1A5EDAB7861A}"
EndProject
Project("{FAE04EC0-301F-11D3-BF4B-00C04F79EFBC}") = "OpenRpg.Genres", "OpenRpg.Genres\OpenRpg.Genres.csproj", "{4B820A7F-3678-4545-9F9E-C2ABDEC236D4}"
EndProject
Project("{FAE04EC0-301F-11D3-BF4B-00C04F79EFBC}") = "OpenRpg.Genres.Fantasy", "OpenRpg.Genres.Fantasy\OpenRpg.Genres.Fantasy.csproj", "{F00A4AF8-E7ED-4FE8-A47B-A4B2DA26FBE8}"
EndProject
Project("{FAE04EC0-301F-11D3-BF4B-00C04F79EFBC}") = "OpenRpg.Genres.Scifi", "OpenRpg.Genres.Scifi\OpenRpg.Genres.Scifi.csproj", "{05CAF7D0-AC6C-45C6-968D-2DE892691DB1}"
EndProject
Project("{2150E333-8FDC-42A3-9474-1A3956D46DE8}") = "Demos", "Demos", "{BD5DCB16-314D-40A1-B8C0-A12C4C0486FE}"
EndProject
Project("{FAE04EC0-301F-11D3-BF4B-00C04F79EFBC}") = "OpenRpg.Demos.Infrastructure", "OpenRpg.Demos.Infrastructure\OpenRpg.Demos.Infrastructure.csproj", "{A081C9FA-E2EC-4E42-8C29-CF4EC4951F10}"
EndProject
Project("{FAE04EC0-301F-11D3-BF4B-00C04F79EFBC}") = "OpenRpg.Demos.Web", "OpenRpg.Demos.Web\OpenRpg.Demos.Web.csproj", "{4C0E3651-7CC5-49F5-BB73-2C90C309C4AF}"
EndProject
Project("{2150E333-8FDC-42A3-9474-1A3956D46DE8}") = "AI", "AI", "{9ABACD9E-828C-48B7-985D-CFC03A05DF8D}"
EndProject
Project("{FAE04EC0-301F-11D3-BF4B-00C04F79EFBC}") = "OpenRpg.AdviceEngine", "OpenRpg.AdviceEngine\OpenRpg.AdviceEngine.csproj", "{8A65C409-AB8B-41DF-822D-5D0E2EE96795}"
EndProject
Project("{FAE04EC0-301F-11D3-BF4B-00C04F79EFBC}") = "OpenRpg.Data.LiteDB", "OpenRpg.Data.LiteDB\OpenRpg.Data.LiteDB.csproj", "{B91E6081-05C3-42DD-A1AC-465E87409837}"
EndProject
Project("{2150E333-8FDC-42A3-9474-1A3956D46DE8}") = "Editor", "Editor", "{8BEAB2AD-426F-41A7-8378-8D29B8C07D26}"
EndProject
Project("{FAE04EC0-301F-11D3-BF4B-00C04F79EFBC}") = "OpenRpg.Editor.Core", "OpenRpg.Editor.Core\OpenRpg.Editor.Core.csproj", "{748D7F54-665C-4647-A726-202243A4DA11}"
EndProject
Project("{FAE04EC0-301F-11D3-BF4B-00C04F79EFBC}") = "OpenRpg.Editor.UI", "OpenRpg.Editor.UI\OpenRpg.Editor.UI.csproj", "{2E67886D-0BA2-4A12-B3E6-8D573FD9DAF2}"
EndProject
Project("{FAE04EC0-301F-11D3-BF4B-00C04F79EFBC}") = "OpenRpg.Editor.Infrastructure", "OpenRpg.Editor.Infrastructure\OpenRpg.Editor.Infrastructure.csproj", "{4BF19FBA-6C19-486B-A87D-D588581DC40E}"
EndProject
Project("{FAE04EC0-301F-11D3-BF4B-00C04F79EFBC}") = "OpenRpg.Editor", "OpenRpg.Editor\OpenRpg.Editor.csproj", "{A71DC9D4-43E8-4E3C-B294-29B0C2E87C39}"
EndProject
Project("{FAE04EC0-301F-11D3-BF4B-00C04F79EFBC}") = "OpenRpg.Entities", "OpenRpg.Entities\OpenRpg.Entities.csproj", "{776F3D4B-B89F-4407-BAA7-5E367F643B69}"
EndProject
Project("{FAE04EC0-301F-11D3-BF4B-00C04F79EFBC}") = "OpenRpg.AdviceEngine.Rx", "OpenRpg.AdviceEngine.Rx\OpenRpg.AdviceEngine.Rx.csproj", "{EBA05F43-4988-4B73-9E11-23360C1BF9A1}"
EndProject
Global
	GlobalSection(SolutionConfigurationPlatforms) = preSolution
		Debug|Any CPU = Debug|Any CPU
		Release|Any CPU = Release|Any CPU
	EndGlobalSection
	GlobalSection(ProjectConfigurationPlatforms) = postSolution
		{86FD715B-0B33-40EB-B8AC-25EE62398A66}.Debug|Any CPU.ActiveCfg = Debug|Any CPU
		{86FD715B-0B33-40EB-B8AC-25EE62398A66}.Debug|Any CPU.Build.0 = Debug|Any CPU
		{86FD715B-0B33-40EB-B8AC-25EE62398A66}.Release|Any CPU.ActiveCfg = Release|Any CPU
		{86FD715B-0B33-40EB-B8AC-25EE62398A66}.Release|Any CPU.Build.0 = Release|Any CPU
		{AB5563B9-CE48-49A4-BE3C-793351C7377F}.Debug|Any CPU.ActiveCfg = Debug|Any CPU
		{AB5563B9-CE48-49A4-BE3C-793351C7377F}.Debug|Any CPU.Build.0 = Debug|Any CPU
		{AB5563B9-CE48-49A4-BE3C-793351C7377F}.Release|Any CPU.ActiveCfg = Release|Any CPU
		{AB5563B9-CE48-49A4-BE3C-793351C7377F}.Release|Any CPU.Build.0 = Release|Any CPU
		{BB417DEC-B2C9-4F60-9E87-2E674ACAD06F}.Debug|Any CPU.ActiveCfg = Debug|Any CPU
		{BB417DEC-B2C9-4F60-9E87-2E674ACAD06F}.Debug|Any CPU.Build.0 = Debug|Any CPU
		{BB417DEC-B2C9-4F60-9E87-2E674ACAD06F}.Release|Any CPU.ActiveCfg = Release|Any CPU
		{BB417DEC-B2C9-4F60-9E87-2E674ACAD06F}.Release|Any CPU.Build.0 = Release|Any CPU
		{5C2FF42D-8E29-4EDE-84D0-47D24FFFFBB9}.Debug|Any CPU.ActiveCfg = Debug|Any CPU
		{5C2FF42D-8E29-4EDE-84D0-47D24FFFFBB9}.Debug|Any CPU.Build.0 = Debug|Any CPU
		{5C2FF42D-8E29-4EDE-84D0-47D24FFFFBB9}.Release|Any CPU.ActiveCfg = Release|Any CPU
		{5C2FF42D-8E29-4EDE-84D0-47D24FFFFBB9}.Release|Any CPU.Build.0 = Release|Any CPU
		{8D5C52B0-B68B-4539-9D2F-DA22C825B923}.Debug|Any CPU.ActiveCfg = Debug|Any CPU
		{8D5C52B0-B68B-4539-9D2F-DA22C825B923}.Debug|Any CPU.Build.0 = Debug|Any CPU
		{8D5C52B0-B68B-4539-9D2F-DA22C825B923}.Release|Any CPU.ActiveCfg = Release|Any CPU
		{8D5C52B0-B68B-4539-9D2F-DA22C825B923}.Release|Any CPU.Build.0 = Release|Any CPU
		{754A79DD-AC13-4EC1-9DDA-AF5D5F6DABCE}.Debug|Any CPU.ActiveCfg = Debug|Any CPU
		{754A79DD-AC13-4EC1-9DDA-AF5D5F6DABCE}.Debug|Any CPU.Build.0 = Debug|Any CPU
		{754A79DD-AC13-4EC1-9DDA-AF5D5F6DABCE}.Release|Any CPU.ActiveCfg = Release|Any CPU
		{754A79DD-AC13-4EC1-9DDA-AF5D5F6DABCE}.Release|Any CPU.Build.0 = Release|Any CPU
		{2A8FA13E-2E89-457B-9457-46C345768495}.Debug|Any CPU.ActiveCfg = Debug|Any CPU
		{2A8FA13E-2E89-457B-9457-46C345768495}.Debug|Any CPU.Build.0 = Debug|Any CPU
		{2A8FA13E-2E89-457B-9457-46C345768495}.Release|Any CPU.ActiveCfg = Release|Any CPU
		{2A8FA13E-2E89-457B-9457-46C345768495}.Release|Any CPU.Build.0 = Release|Any CPU
		{91C35205-4EB6-4204-964E-D94427D362AA}.Debug|Any CPU.ActiveCfg = Debug|Any CPU
		{91C35205-4EB6-4204-964E-D94427D362AA}.Debug|Any CPU.Build.0 = Debug|Any CPU
		{91C35205-4EB6-4204-964E-D94427D362AA}.Release|Any CPU.ActiveCfg = Release|Any CPU
		{91C35205-4EB6-4204-964E-D94427D362AA}.Release|Any CPU.Build.0 = Release|Any CPU
		{ADD47427-9A25-46AB-9414-100D29A3C74E}.Debug|Any CPU.ActiveCfg = Debug|Any CPU
		{ADD47427-9A25-46AB-9414-100D29A3C74E}.Debug|Any CPU.Build.0 = Debug|Any CPU
		{ADD47427-9A25-46AB-9414-100D29A3C74E}.Release|Any CPU.ActiveCfg = Release|Any CPU
		{ADD47427-9A25-46AB-9414-100D29A3C74E}.Release|Any CPU.Build.0 = Release|Any CPU
		{BAB3772D-236C-4872-BA89-469866F56CBB}.Debug|Any CPU.ActiveCfg = Debug|Any CPU
		{BAB3772D-236C-4872-BA89-469866F56CBB}.Debug|Any CPU.Build.0 = Debug|Any CPU
		{BAB3772D-236C-4872-BA89-469866F56CBB}.Release|Any CPU.ActiveCfg = Release|Any CPU
		{BAB3772D-236C-4872-BA89-469866F56CBB}.Release|Any CPU.Build.0 = Release|Any CPU
		{A3AACDFF-0D4B-4B4C-801E-6369BA9C8B6B}.Debug|Any CPU.ActiveCfg = Debug|Any CPU
		{A3AACDFF-0D4B-4B4C-801E-6369BA9C8B6B}.Debug|Any CPU.Build.0 = Debug|Any CPU
		{A3AACDFF-0D4B-4B4C-801E-6369BA9C8B6B}.Release|Any CPU.ActiveCfg = Release|Any CPU
		{A3AACDFF-0D4B-4B4C-801E-6369BA9C8B6B}.Release|Any CPU.Build.0 = Release|Any CPU
		{1F967BA2-0B0B-4305-B564-05EC9C49D308}.Debug|Any CPU.ActiveCfg = Debug|Any CPU
		{1F967BA2-0B0B-4305-B564-05EC9C49D308}.Debug|Any CPU.Build.0 = Debug|Any CPU
		{1F967BA2-0B0B-4305-B564-05EC9C49D308}.Release|Any CPU.ActiveCfg = Release|Any CPU
		{1F967BA2-0B0B-4305-B564-05EC9C49D308}.Release|Any CPU.Build.0 = Release|Any CPU
		{70FCB73C-8493-4B0F-AA13-F3BA65AE86AB}.Debug|Any CPU.ActiveCfg = Debug|Any CPU
		{70FCB73C-8493-4B0F-AA13-F3BA65AE86AB}.Debug|Any CPU.Build.0 = Debug|Any CPU
		{70FCB73C-8493-4B0F-AA13-F3BA65AE86AB}.Release|Any CPU.ActiveCfg = Release|Any CPU
		{70FCB73C-8493-4B0F-AA13-F3BA65AE86AB}.Release|Any CPU.Build.0 = Release|Any CPU
		{4B820A7F-3678-4545-9F9E-C2ABDEC236D4}.Debug|Any CPU.ActiveCfg = Debug|Any CPU
		{4B820A7F-3678-4545-9F9E-C2ABDEC236D4}.Debug|Any CPU.Build.0 = Debug|Any CPU
		{4B820A7F-3678-4545-9F9E-C2ABDEC236D4}.Release|Any CPU.ActiveCfg = Release|Any CPU
		{4B820A7F-3678-4545-9F9E-C2ABDEC236D4}.Release|Any CPU.Build.0 = Release|Any CPU
		{F00A4AF8-E7ED-4FE8-A47B-A4B2DA26FBE8}.Debug|Any CPU.ActiveCfg = Debug|Any CPU
		{F00A4AF8-E7ED-4FE8-A47B-A4B2DA26FBE8}.Debug|Any CPU.Build.0 = Debug|Any CPU
		{F00A4AF8-E7ED-4FE8-A47B-A4B2DA26FBE8}.Release|Any CPU.ActiveCfg = Release|Any CPU
		{F00A4AF8-E7ED-4FE8-A47B-A4B2DA26FBE8}.Release|Any CPU.Build.0 = Release|Any CPU
		{05CAF7D0-AC6C-45C6-968D-2DE892691DB1}.Debug|Any CPU.ActiveCfg = Debug|Any CPU
		{05CAF7D0-AC6C-45C6-968D-2DE892691DB1}.Debug|Any CPU.Build.0 = Debug|Any CPU
		{05CAF7D0-AC6C-45C6-968D-2DE892691DB1}.Release|Any CPU.ActiveCfg = Release|Any CPU
		{05CAF7D0-AC6C-45C6-968D-2DE892691DB1}.Release|Any CPU.Build.0 = Release|Any CPU
		{A081C9FA-E2EC-4E42-8C29-CF4EC4951F10}.Debug|Any CPU.ActiveCfg = Debug|Any CPU
		{A081C9FA-E2EC-4E42-8C29-CF4EC4951F10}.Debug|Any CPU.Build.0 = Debug|Any CPU
		{A081C9FA-E2EC-4E42-8C29-CF4EC4951F10}.Release|Any CPU.ActiveCfg = Release|Any CPU
		{A081C9FA-E2EC-4E42-8C29-CF4EC4951F10}.Release|Any CPU.Build.0 = Release|Any CPU
		{4C0E3651-7CC5-49F5-BB73-2C90C309C4AF}.Debug|Any CPU.ActiveCfg = Debug|Any CPU
		{4C0E3651-7CC5-49F5-BB73-2C90C309C4AF}.Debug|Any CPU.Build.0 = Debug|Any CPU
		{4C0E3651-7CC5-49F5-BB73-2C90C309C4AF}.Release|Any CPU.ActiveCfg = Release|Any CPU
		{4C0E3651-7CC5-49F5-BB73-2C90C309C4AF}.Release|Any CPU.Build.0 = Release|Any CPU
		{8A65C409-AB8B-41DF-822D-5D0E2EE96795}.Debug|Any CPU.ActiveCfg = Debug|Any CPU
		{8A65C409-AB8B-41DF-822D-5D0E2EE96795}.Debug|Any CPU.Build.0 = Debug|Any CPU
		{8A65C409-AB8B-41DF-822D-5D0E2EE96795}.Release|Any CPU.ActiveCfg = Release|Any CPU
		{8A65C409-AB8B-41DF-822D-5D0E2EE96795}.Release|Any CPU.Build.0 = Release|Any CPU
		{B91E6081-05C3-42DD-A1AC-465E87409837}.Debug|Any CPU.ActiveCfg = Debug|Any CPU
		{B91E6081-05C3-42DD-A1AC-465E87409837}.Debug|Any CPU.Build.0 = Debug|Any CPU
		{B91E6081-05C3-42DD-A1AC-465E87409837}.Release|Any CPU.ActiveCfg = Release|Any CPU
		{B91E6081-05C3-42DD-A1AC-465E87409837}.Release|Any CPU.Build.0 = Release|Any CPU
		{748D7F54-665C-4647-A726-202243A4DA11}.Debug|Any CPU.ActiveCfg = Debug|Any CPU
		{748D7F54-665C-4647-A726-202243A4DA11}.Debug|Any CPU.Build.0 = Debug|Any CPU
		{748D7F54-665C-4647-A726-202243A4DA11}.Release|Any CPU.ActiveCfg = Release|Any CPU
		{748D7F54-665C-4647-A726-202243A4DA11}.Release|Any CPU.Build.0 = Release|Any CPU
		{2E67886D-0BA2-4A12-B3E6-8D573FD9DAF2}.Debug|Any CPU.ActiveCfg = Debug|Any CPU
		{2E67886D-0BA2-4A12-B3E6-8D573FD9DAF2}.Debug|Any CPU.Build.0 = Debug|Any CPU
		{2E67886D-0BA2-4A12-B3E6-8D573FD9DAF2}.Release|Any CPU.ActiveCfg = Release|Any CPU
		{2E67886D-0BA2-4A12-B3E6-8D573FD9DAF2}.Release|Any CPU.Build.0 = Release|Any CPU
		{4BF19FBA-6C19-486B-A87D-D588581DC40E}.Debug|Any CPU.ActiveCfg = Debug|Any CPU
		{4BF19FBA-6C19-486B-A87D-D588581DC40E}.Debug|Any CPU.Build.0 = Debug|Any CPU
		{4BF19FBA-6C19-486B-A87D-D588581DC40E}.Release|Any CPU.ActiveCfg = Release|Any CPU
		{4BF19FBA-6C19-486B-A87D-D588581DC40E}.Release|Any CPU.Build.0 = Release|Any CPU
		{A71DC9D4-43E8-4E3C-B294-29B0C2E87C39}.Debug|Any CPU.ActiveCfg = Debug|Any CPU
		{A71DC9D4-43E8-4E3C-B294-29B0C2E87C39}.Debug|Any CPU.Build.0 = Debug|Any CPU
		{A71DC9D4-43E8-4E3C-B294-29B0C2E87C39}.Release|Any CPU.ActiveCfg = Release|Any CPU
		{A71DC9D4-43E8-4E3C-B294-29B0C2E87C39}.Release|Any CPU.Build.0 = Release|Any CPU
		{776F3D4B-B89F-4407-BAA7-5E367F643B69}.Debug|Any CPU.ActiveCfg = Debug|Any CPU
		{776F3D4B-B89F-4407-BAA7-5E367F643B69}.Debug|Any CPU.Build.0 = Debug|Any CPU
		{776F3D4B-B89F-4407-BAA7-5E367F643B69}.Release|Any CPU.ActiveCfg = Release|Any CPU
		{776F3D4B-B89F-4407-BAA7-5E367F643B69}.Release|Any CPU.Build.0 = Release|Any CPU
		{EBA05F43-4988-4B73-9E11-23360C1BF9A1}.Debug|Any CPU.ActiveCfg = Debug|Any CPU
		{EBA05F43-4988-4B73-9E11-23360C1BF9A1}.Debug|Any CPU.Build.0 = Debug|Any CPU
		{EBA05F43-4988-4B73-9E11-23360C1BF9A1}.Release|Any CPU.ActiveCfg = Release|Any CPU
		{EBA05F43-4988-4B73-9E11-23360C1BF9A1}.Release|Any CPU.Build.0 = Release|Any CPU
	EndGlobalSection
	GlobalSection(NestedProjects) = preSolution
		{86FD715B-0B33-40EB-B8AC-25EE62398A66} = {6BE3D2A4-F53A-4879-868E-A7522A445FE9}
		{AB5563B9-CE48-49A4-BE3C-793351C7377F} = {7C187634-FF6B-4A6E-AAD2-FCA3C97C1E5A}
		{8D5C52B0-B68B-4539-9D2F-DA22C825B923} = {56A39779-8FA4-499E-8EF9-4757765CC230}
		{754A79DD-AC13-4EC1-9DDA-AF5D5F6DABCE} = {98CD79A9-0E41-49CE-8246-3A32C1A2E004}
		{2A8FA13E-2E89-457B-9457-46C345768495} = {C5E5EB5E-7F08-4CF4-B4DF-F20434DE2930}
		{91C35205-4EB6-4204-964E-D94427D362AA} = {1566BC2E-78DC-4998-BEC8-65CEC3EC9A88}
		{BB417DEC-B2C9-4F60-9E87-2E674ACAD06F} = {8468364A-996C-4E7C-AB45-FEE8AEA6ABDE}
		{ADD47427-9A25-46AB-9414-100D29A3C74E} = {8468364A-996C-4E7C-AB45-FEE8AEA6ABDE}
		{BAB3772D-236C-4872-BA89-469866F56CBB} = {8468364A-996C-4E7C-AB45-FEE8AEA6ABDE}
		{A3AACDFF-0D4B-4B4C-801E-6369BA9C8B6B} = {B374DC71-CEDE-42CC-A6E2-5D35577B08BA}
		{5C2FF42D-8E29-4EDE-84D0-47D24FFFFBB9} = {167FBCA2-476D-4BA4-818A-FA4ED80E6197}
		{1F967BA2-0B0B-4305-B564-05EC9C49D308} = {1566BC2E-78DC-4998-BEC8-65CEC3EC9A88}
		{70FCB73C-8493-4B0F-AA13-F3BA65AE86AB} = {7C187634-FF6B-4A6E-AAD2-FCA3C97C1E5A}
		{4B820A7F-3678-4545-9F9E-C2ABDEC236D4} = {CDCD755F-AD44-428C-88CC-1A5EDAB7861A}
		{F00A4AF8-E7ED-4FE8-A47B-A4B2DA26FBE8} = {CDCD755F-AD44-428C-88CC-1A5EDAB7861A}
		{05CAF7D0-AC6C-45C6-968D-2DE892691DB1} = {CDCD755F-AD44-428C-88CC-1A5EDAB7861A}
		{A081C9FA-E2EC-4E42-8C29-CF4EC4951F10} = {BD5DCB16-314D-40A1-B8C0-A12C4C0486FE}
		{4C0E3651-7CC5-49F5-BB73-2C90C309C4AF} = {BD5DCB16-314D-40A1-B8C0-A12C4C0486FE}
		{8A65C409-AB8B-41DF-822D-5D0E2EE96795} = {9ABACD9E-828C-48B7-985D-CFC03A05DF8D}
		{B91E6081-05C3-42DD-A1AC-465E87409837} = {8468364A-996C-4E7C-AB45-FEE8AEA6ABDE}
		{748D7F54-665C-4647-A726-202243A4DA11} = {8BEAB2AD-426F-41A7-8378-8D29B8C07D26}
		{2E67886D-0BA2-4A12-B3E6-8D573FD9DAF2} = {8BEAB2AD-426F-41A7-8378-8D29B8C07D26}
		{4BF19FBA-6C19-486B-A87D-D588581DC40E} = {8BEAB2AD-426F-41A7-8378-8D29B8C07D26}
		{A71DC9D4-43E8-4E3C-B294-29B0C2E87C39} = {8BEAB2AD-426F-41A7-8378-8D29B8C07D26}
		{776F3D4B-B89F-4407-BAA7-5E367F643B69} = {6BE3D2A4-F53A-4879-868E-A7522A445FE9}
		{EBA05F43-4988-4B73-9E11-23360C1BF9A1} = {9ABACD9E-828C-48B7-985D-CFC03A05DF8D}
	EndGlobalSection
EndGlobal
