
Microsoft Visual Studio Solution File, Format Version 12.00
Project("{FAE04EC0-301F-11D3-BF4B-00C04F79EFBC}") = "OpenRpg.Core", "OpenRpg.Core\OpenRpg.Core.csproj", "{86FD715B-0B33-40EB-B8AC-25EE62398A66}"
EndProject
Project("{FAE04EC0-301F-11D3-BF4B-00C04F79EFBC}") = "OpenRpg.Items", "OpenRpg.Items\OpenRpg.Items.csproj", "{AB5563B9-CE48-49A4-BE3C-793351C7377F}"
EndProject
Project("{FAE04EC0-301F-11D3-BF4B-00C04F79EFBC}") = "OpenRpg.Data", "OpenRpg.Data\OpenRpg.Data.csproj", "{BB417DEC-B2C9-4F60-9E87-2E674ACAD06F}"
EndProject
Project("{FAE04EC0-301F-11D3-BF4B-00C04F79EFBC}") = "OpenRpg.Localization", "OpenRpg.Localization\OpenRpg.Localization.csproj", "{5C2FF42D-8E29-4EDE-84D0-47D24FFFFBB9}"
EndProject
Project("{2150E333-8FDC-42A3-9474-1A3956D46DE8}") = "Framework", "Framework", "{6BE3D2A4-F53A-4879-868E-A7522A445FE9}"
EndProject
Project("{2150E333-8FDC-42A3-9474-1A3956D46DE8}") = "Items", "Items", "{7C187634-FF6B-4A6E-AAD2-FCA3C97C1E5A}"
EndProject
Project("{2150E333-8FDC-42A3-9474-1A3956D46DE8}") = "Quests", "Quests", "{56A39779-8FA4-499E-8EF9-4757765CC230}"
EndProject
Project("{FAE04EC0-301F-11D3-BF4B-00C04F79EFBC}") = "OpenRpg.Quests", "OpenRpg.Quests\OpenRpg.Quests.csproj", "{8D5C52B0-B68B-4539-9D2F-DA22C825B923}"
EndProject
Project("{2150E333-8FDC-42A3-9474-1A3956D46DE8}") = "Combat", "Combat", "{98CD79A9-0E41-49CE-8246-3A32C1A2E004}"
EndProject
Project("{FAE04EC0-301F-11D3-BF4B-00C04F79EFBC}") = "OpenRpg.Combat", "OpenRpg.Combat\OpenRpg.Combat.csproj", "{754A79DD-AC13-4EC1-9DDA-AF5D5F6DABCE}"
EndProject
Global
	GlobalSection(SolutionConfigurationPlatforms) = preSolution
		Debug|Any CPU = Debug|Any CPU
		Release|Any CPU = Release|Any CPU
	EndGlobalSection
	GlobalSection(ProjectConfigurationPlatforms) = postSolution
		{86FD715B-0B33-40EB-B8AC-25EE62398A66}.Debug|Any CPU.ActiveCfg = Debug|Any CPU
		{86FD715B-0B33-40EB-B8AC-25EE62398A66}.Debug|Any CPU.Build.0 = Debug|Any CPU
		{86FD715B-0B33-40EB-B8AC-25EE62398A66}.Release|Any CPU.ActiveCfg = Release|Any CPU
		{86FD715B-0B33-40EB-B8AC-25EE62398A66}.Release|Any CPU.Build.0 = Release|Any CPU
		{AB5563B9-CE48-49A4-BE3C-793351C7377F}.Debug|Any CPU.ActiveCfg = Debug|Any CPU
		{AB5563B9-CE48-49A4-BE3C-793351C7377F}.Debug|Any CPU.Build.0 = Debug|Any CPU
		{AB5563B9-CE48-49A4-BE3C-793351C7377F}.Release|Any CPU.ActiveCfg = Release|Any CPU
		{AB5563B9-CE48-49A4-BE3C-793351C7377F}.Release|Any CPU.Build.0 = Release|Any CPU
		{BB417DEC-B2C9-4F60-9E87-2E674ACAD06F}.Debug|Any CPU.ActiveCfg = Debug|Any CPU
		{BB417DEC-B2C9-4F60-9E87-2E674ACAD06F}.Debug|Any CPU.Build.0 = Debug|Any CPU
		{BB417DEC-B2C9-4F60-9E87-2E674ACAD06F}.Release|Any CPU.ActiveCfg = Release|Any CPU
		{BB417DEC-B2C9-4F60-9E87-2E674ACAD06F}.Release|Any CPU.Build.0 = Release|Any CPU
		{5C2FF42D-8E29-4EDE-84D0-47D24FFFFBB9}.Debug|Any CPU.ActiveCfg = Debug|Any CPU
		{5C2FF42D-8E29-4EDE-84D0-47D24FFFFBB9}.Debug|Any CPU.Build.0 = Debug|Any CPU
		{5C2FF42D-8E29-4EDE-84D0-47D24FFFFBB9}.Release|Any CPU.ActiveCfg = Release|Any CPU
		{5C2FF42D-8E29-4EDE-84D0-47D24FFFFBB9}.Release|Any CPU.Build.0 = Release|Any CPU
		{8D5C52B0-B68B-4539-9D2F-DA22C825B923}.Debug|Any CPU.ActiveCfg = Debug|Any CPU
		{8D5C52B0-B68B-4539-9D2F-DA22C825B923}.Debug|Any CPU.Build.0 = Debug|Any CPU
		{8D5C52B0-B68B-4539-9D2F-DA22C825B923}.Release|Any CPU.ActiveCfg = Release|Any CPU
		{8D5C52B0-B68B-4539-9D2F-DA22C825B923}.Release|Any CPU.Build.0 = Release|Any CPU
		{754A79DD-AC13-4EC1-9DDA-AF5D5F6DABCE}.Debug|Any CPU.ActiveCfg = Debug|Any CPU
		{754A79DD-AC13-4EC1-9DDA-AF5D5F6DABCE}.Debug|Any CPU.Build.0 = Debug|Any CPU
		{754A79DD-AC13-4EC1-9DDA-AF5D5F6DABCE}.Release|Any CPU.ActiveCfg = Release|Any CPU
		{754A79DD-AC13-4EC1-9DDA-AF5D5F6DABCE}.Release|Any CPU.Build.0 = Release|Any CPU
	EndGlobalSection
	GlobalSection(NestedProjects) = preSolution
		{86FD715B-0B33-40EB-B8AC-25EE62398A66} = {6BE3D2A4-F53A-4879-868E-A7522A445FE9}
		{BB417DEC-B2C9-4F60-9E87-2E674ACAD06F} = {6BE3D2A4-F53A-4879-868E-A7522A445FE9}
		{5C2FF42D-8E29-4EDE-84D0-47D24FFFFBB9} = {6BE3D2A4-F53A-4879-868E-A7522A445FE9}
		{AB5563B9-CE48-49A4-BE3C-793351C7377F} = {7C187634-FF6B-4A6E-AAD2-FCA3C97C1E5A}
		{8D5C52B0-B68B-4539-9D2F-DA22C825B923} = {56A39779-8FA4-499E-8EF9-4757765CC230}
		{754A79DD-AC13-4EC1-9DDA-AF5D5F6DABCE} = {98CD79A9-0E41-49CE-8246-3A32C1A2E004}
	EndGlobalSection
EndGlobal
